{
  "nodes": {
    "flakeUtils": {
      "locked": {
        "lastModified": 1620759905,
        "narHash": "sha256-WiyWawrgmyN0EdmiHyG2V+fqReiVi8bM9cRdMaKQOFg=",
        "owner": "numtide",
        "repo": "flake-utils",
        "rev": "b543720b25df6ffdfcf9227afafc5b8c1fabfae8",
        "type": "github"
      },
      "original": {
        "owner": "numtide",
        "repo": "flake-utils",
        "type": "github"
      }
    },
    "htmlNix": {
      "inputs": {
        "flakeUtils": [
          "flakeUtils"
        ],
        "nixpkgs": "nixpkgs"
      },
      "locked": {
        "lastModified": 1621201990,
        "narHash": "sha256-56LekUMdrxp93kT63meMPa1TPia7BTl2vqBPxr0v5nE=",
        "owner": "yusdacra",
        "repo": "html.nix",
        "rev": "139417e86a86912ccd507d41c9600e646ad0138d",
        "type": "github"
      },
      "original": {
        "owner": "yusdacra",
        "repo": "html.nix",
        "type": "github"
      }
    },
    "nixpkgs": {
      "locked": {
        "lastModified": 1621084586,
        "narHash": "sha256-raHuJ7ohDLDPqohJzZxhaER7sSh4/1xR6YcUYMj3c3E=",
        "owner": "NixOS",
        "repo": "nixpkgs",
        "rev": "e83b3f3394834c41c0d25017f6808d65c3d6f880",
        "type": "github"
      },
      "original": {
        "owner": "NixOS",
        "ref": "nixpkgs-unstable",
        "repo": "nixpkgs",
        "type": "github"
      }
    },
    "root": {
      "inputs": {
        "flakeUtils": "flakeUtils",
        "htmlNix": "htmlNix"
      }
    }
  },
  "root": "root",
  "version": 7
}
